// !$*UTF8*$!
{
	archiveVersion = 1;
	classes = {
	};
	objectVersion = 46;
	objects = {

/* Begin PBXBuildFile section */
		2841F1EE1CCFF55600D609CE /* AppDelegate.swift in Sources */ = {isa = PBXBuildFile; fileRef = 2867E82A1C74C7D400FCEBBD /* AppDelegate.swift */; };
		2841F1F51CCFF55600D609CE /* LaunchScreen.storyboard in Resources */ = {isa = PBXBuildFile; fileRef = 2867E8331C74C7D400FCEBBD /* LaunchScreen.storyboard */; };
		2841F1F81CCFF55600D609CE /* Assets.xcassets in Resources */ = {isa = PBXBuildFile; fileRef = 2867E8311C74C7D400FCEBBD /* Assets.xcassets */; };
		2841F1F91CCFF55600D609CE /* Main.storyboard in Resources */ = {isa = PBXBuildFile; fileRef = 2867E82E1C74C7D400FCEBBD /* Main.storyboard */; };
		2867E82B1C74C7D400FCEBBD /* AppDelegate.swift in Sources */ = {isa = PBXBuildFile; fileRef = 2867E82A1C74C7D400FCEBBD /* AppDelegate.swift */; };
		2867E8301C74C7D400FCEBBD /* Main.storyboard in Resources */ = {isa = PBXBuildFile; fileRef = 2867E82E1C74C7D400FCEBBD /* Main.storyboard */; };
		2867E8321C74C7D400FCEBBD /* Assets.xcassets in Resources */ = {isa = PBXBuildFile; fileRef = 2867E8311C74C7D400FCEBBD /* Assets.xcassets */; };
		2867E8351C74C7D400FCEBBD /* LaunchScreen.storyboard in Resources */ = {isa = PBXBuildFile; fileRef = 2867E8331C74C7D400FCEBBD /* LaunchScreen.storyboard */; };
		28C69D3C1CD8E3D600F839D6 /* Tests.swift in Sources */ = {isa = PBXBuildFile; fileRef = 28C69D3B1CD8E3D600F839D6 /* Tests.swift */; };
		28F4E15C1CDA53B5002B70A7 /* UITests.swift in Sources */ = {isa = PBXBuildFile; fileRef = 28F4E15B1CDA53B5002B70A7 /* UITests.swift */; };
		3C40F919E8D37A2F37F7B6B6 /* Pods_XLProjectName_Staging.framework in Frameworks */ = {isa = PBXBuildFile; fileRef = 5447D68A31F540904DA06E64 /* Pods_XLProjectName_Staging.framework */; };
		4B945363A28A1C6640411283 /* Pods_XLProjectName.framework in Frameworks */ = {isa = PBXBuildFile; fileRef = DEE523F7CE6A0E56FCF7A0A5 /* Pods_XLProjectName.framework */; };
		6AAAC7ADB56883E748045F14 /* Pods_Tests.framework in Frameworks */ = {isa = PBXBuildFile; fileRef = 174F585F7E9D6B2B6BF61B19 /* Pods_Tests.framework */; };
		8DAA6177DA9042D85860C750 /* Pods_UITests.framework in Frameworks */ = {isa = PBXBuildFile; fileRef = 4E57F1A373849C3308E5FA57 /* Pods_UITests.framework */; };
		B2947EB71DB7B41D009F5CE5 /* XLProjectNameNavigationController.swift in Sources */ = {isa = PBXBuildFile; fileRef = B2947EB61DB7B41D009F5CE5 /* XLProjectNameNavigationController.swift */; };
		B2947EB81DB7B41D009F5CE5 /* XLProjectNameNavigationController.swift in Sources */ = {isa = PBXBuildFile; fileRef = B2947EB61DB7B41D009F5CE5 /* XLProjectNameNavigationController.swift */; };
		B2947EBA1DB7B442009F5CE5 /* XLProjectNameViewController.swift in Sources */ = {isa = PBXBuildFile; fileRef = B2947EB91DB7B442009F5CE5 /* XLProjectNameViewController.swift */; };
		B2947EBB1DB7B442009F5CE5 /* XLProjectNameViewController.swift in Sources */ = {isa = PBXBuildFile; fileRef = B2947EB91DB7B442009F5CE5 /* XLProjectNameViewController.swift */; };
		B23285151DAE5A1200859100 /* AppDelegate+XLProjectName.swift in Sources */ = {isa = PBXBuildFile; fileRef = B23285141DAE5A1200859100 /* AppDelegate+XLProjectName.swift */; };
		B23285191DAE5B5300859100 /* String.swift in Sources */ = {isa = PBXBuildFile; fileRef = B23285181DAE5B5300859100 /* String.swift */; };
		B232851A1DAE5B5300859100 /* String.swift in Sources */ = {isa = PBXBuildFile; fileRef = B23285181DAE5B5300859100 /* String.swift */; };
		B232851F1DAE5C4200859100 /* UIImageView.swift in Sources */ = {isa = PBXBuildFile; fileRef = B232851E1DAE5C4200859100 /* UIImageView.swift */; };
		B23285201DAE5C4200859100 /* UIImageView.swift in Sources */ = {isa = PBXBuildFile; fileRef = B232851E1DAE5C4200859100 /* UIImageView.swift */; };
		B23285221DAE628B00859100 /* Device.swift in Sources */ = {isa = PBXBuildFile; fileRef = B23285211DAE628B00859100 /* Device.swift */; };
		B23285251DAEAE6900859100 /* Constants.swift in Sources */ = {isa = PBXBuildFile; fileRef = B23285241DAEAE6900859100 /* Constants.swift */; };
		B2866B881D9ED55700E93DED /* R.generated.swift in Sources */ = {isa = PBXBuildFile; fileRef = B2866B871D9ED55700E93DED /* R.generated.swift */; };
		B2866B891D9ED55700E93DED /* R.generated.swift in Sources */ = {isa = PBXBuildFile; fileRef = B2866B871D9ED55700E93DED /* R.generated.swift */; };
		B2866B8D1D9ED62900E93DED /* NetworkManager.swift in Sources */ = {isa = PBXBuildFile; fileRef = B2866B8A1D9ED62900E93DED /* NetworkManager.swift */; };
		B2866B8E1D9ED62900E93DED /* NetworkManager.swift in Sources */ = {isa = PBXBuildFile; fileRef = B2866B8A1D9ED62900E93DED /* NetworkManager.swift */; };
		B2866B8F1D9ED62900E93DED /* RouteType.swift in Sources */ = {isa = PBXBuildFile; fileRef = B2866B8B1D9ED62900E93DED /* RouteType.swift */; };
		B2866B901D9ED62900E93DED /* RouteType.swift in Sources */ = {isa = PBXBuildFile; fileRef = B2866B8B1D9ED62900E93DED /* RouteType.swift */; };
		B2866B911D9ED62900E93DED /* SessionController.swift in Sources */ = {isa = PBXBuildFile; fileRef = B2866B8C1D9ED62900E93DED /* SessionController.swift */; };
		B2866B921D9ED62900E93DED /* SessionController.swift in Sources */ = {isa = PBXBuildFile; fileRef = B2866B8C1D9ED62900E93DED /* SessionController.swift */; };
		B2866B941D9EE2BE00E93DED /* Routes.swift in Sources */ = {isa = PBXBuildFile; fileRef = B2866B931D9EE2BE00E93DED /* Routes.swift */; };
		B2866B951D9EE2BE00E93DED /* Routes.swift in Sources */ = {isa = PBXBuildFile; fileRef = B2866B931D9EE2BE00E93DED /* Routes.swift */; };
		B28C9C601DA6ED2400B36F58 /* Error.swift in Sources */ = {isa = PBXBuildFile; fileRef = B28C9C5F1DA6ED2400B36F58 /* Error.swift */; };
		B28C9C611DA6ED2400B36F58 /* Error.swift in Sources */ = {isa = PBXBuildFile; fileRef = B28C9C5F1DA6ED2400B36F58 /* Error.swift */; };
		B2947EAF1DB7B1CB009F5CE5 /* RealmManager.swift in Sources */ = {isa = PBXBuildFile; fileRef = B2947EAE1DB7B1CB009F5CE5 /* RealmManager.swift */; };
		B2947EB01DB7B1CB009F5CE5 /* RealmManager.swift in Sources */ = {isa = PBXBuildFile; fileRef = B2947EAE1DB7B1CB009F5CE5 /* RealmManager.swift */; };
		B2947EB31DB7B3AF009F5CE5 /* DrawerMainViewController.swift in Sources */ = {isa = PBXBuildFile; fileRef = B2947EB21DB7B3AF009F5CE5 /* DrawerMainViewController.swift */; };
		B2947EB41DB7B3AF009F5CE5 /* DrawerMainViewController.swift in Sources */ = {isa = PBXBuildFile; fileRef = B2947EB21DB7B3AF009F5CE5 /* DrawerMainViewController.swift */; };
/* End PBXBuildFile section */

/* Begin PBXContainerItemProxy section */
		28C69D3E1CD8E3D600F839D6 /* PBXContainerItemProxy */ = {
			isa = PBXContainerItemProxy;
			containerPortal = 2867E81F1C74C7D400FCEBBD /* Project object */;
			proxyType = 1;
			remoteGlobalIDString = 2867E8261C74C7D400FCEBBD;
			remoteInfo = XLProjectName;
		};
		28F4E15E1CDA53B5002B70A7 /* PBXContainerItemProxy */ = {
			isa = PBXContainerItemProxy;
			containerPortal = 2867E81F1C74C7D400FCEBBD /* Project object */;
			proxyType = 1;
			remoteGlobalIDString = 2867E8261C74C7D400FCEBBD;
			remoteInfo = XLProjectName;
		};
		8F07599C1D7743180012D681 /* PBXContainerItemProxy */ = {
			isa = PBXContainerItemProxy;
			containerPortal = 2867E81F1C74C7D400FCEBBD /* Project object */;
			proxyType = 1;
			remoteGlobalIDString = 2841F1D91CCFF55600D609CE;
			remoteInfo = "XLProjectName-Staging";
		};
		8F07599E1D77431A0012D681 /* PBXContainerItemProxy */ = {
			isa = PBXContainerItemProxy;
			containerPortal = 2867E81F1C74C7D400FCEBBD /* Project object */;
			proxyType = 1;
			remoteGlobalIDString = 2841F1D91CCFF55600D609CE;
			remoteInfo = "XLProjectName-Staging";
		};
/* End PBXContainerItemProxy section */

/* Begin PBXFileReference section */
		046B1680671D3D24701E8B4E /* Pods-XLProjectName-Staging.debug.xcconfig */ = {isa = PBXFileReference; includeInIndex = 1; lastKnownFileType = text.xcconfig; name = "Pods-XLProjectName-Staging.debug.xcconfig"; path = "Pods/Target Support Files/Pods-XLProjectName-Staging/Pods-XLProjectName-Staging.debug.xcconfig"; sourceTree = "<group>"; };
		07D33F5B22E367732FA2BFF0 /* Pods.release.xcconfig */ = {isa = PBXFileReference; includeInIndex = 1; lastKnownFileType = text.xcconfig; name = Pods.release.xcconfig; path = "Pods/Target Support Files/Pods/Pods.release.xcconfig"; sourceTree = "<group>"; };
		0A1759BFE439013D1F0FBED3 /* Pods-UITests.release.xcconfig */ = {isa = PBXFileReference; includeInIndex = 1; lastKnownFileType = text.xcconfig; name = "Pods-UITests.release.xcconfig"; path = "Pods/Target Support Files/Pods-UITests/Pods-UITests.release.xcconfig"; sourceTree = "<group>"; };
		174F585F7E9D6B2B6BF61B19 /* Pods_Tests.framework */ = {isa = PBXFileReference; explicitFileType = wrapper.framework; includeInIndex = 0; path = Pods_Tests.framework; sourceTree = BUILT_PRODUCTS_DIR; };
		20C3863EDAF6B64F5C07C53A /* Pods-Tests.debug.xcconfig */ = {isa = PBXFileReference; includeInIndex = 1; lastKnownFileType = text.xcconfig; name = "Pods-Tests.debug.xcconfig"; path = "Pods/Target Support Files/Pods-Tests/Pods-Tests.debug.xcconfig"; sourceTree = "<group>"; };
		2841F2031CCFF55600D609CE /* XLProjectName-Staging.app */ = {isa = PBXFileReference; explicitFileType = wrapper.application; includeInIndex = 0; path = "XLProjectName-Staging.app"; sourceTree = BUILT_PRODUCTS_DIR; };
		2841F2041CCFF55600D609CE /* Info-Staging.plist */ = {isa = PBXFileReference; lastKnownFileType = text.plist.xml; path = "Info-Staging.plist"; sourceTree = "<group>"; };
		2867E8271C74C7D400FCEBBD /* XLProjectName.app */ = {isa = PBXFileReference; explicitFileType = wrapper.application; includeInIndex = 0; path = XLProjectName.app; sourceTree = BUILT_PRODUCTS_DIR; };
		2867E82A1C74C7D400FCEBBD /* AppDelegate.swift */ = {isa = PBXFileReference; lastKnownFileType = sourcecode.swift; path = AppDelegate.swift; sourceTree = "<group>"; };
		2867E82F1C74C7D400FCEBBD /* Base */ = {isa = PBXFileReference; lastKnownFileType = file.storyboard; name = Base; path = Base.lproj/Main.storyboard; sourceTree = "<group>"; };
		2867E8311C74C7D400FCEBBD /* Assets.xcassets */ = {isa = PBXFileReference; lastKnownFileType = folder.assetcatalog; path = Assets.xcassets; sourceTree = "<group>"; };
		2867E8341C74C7D400FCEBBD /* Base */ = {isa = PBXFileReference; lastKnownFileType = file.storyboard; name = Base; path = Base.lproj/LaunchScreen.storyboard; sourceTree = "<group>"; };
		2867E8361C74C7D400FCEBBD /* Info.plist */ = {isa = PBXFileReference; lastKnownFileType = text.plist.xml; path = Info.plist; sourceTree = "<group>"; };
		28C69D391CD8E3D600F839D6 /* Tests.xctest */ = {isa = PBXFileReference; explicitFileType = wrapper.cfbundle; includeInIndex = 0; path = Tests.xctest; sourceTree = BUILT_PRODUCTS_DIR; };
		28C69D3B1CD8E3D600F839D6 /* Tests.swift */ = {isa = PBXFileReference; lastKnownFileType = sourcecode.swift; path = Tests.swift; sourceTree = "<group>"; };
		28C69D3D1CD8E3D600F839D6 /* Info.plist */ = {isa = PBXFileReference; lastKnownFileType = text.plist.xml; path = Info.plist; sourceTree = "<group>"; };
		28F4E1591CDA53B5002B70A7 /* UITests.xctest */ = {isa = PBXFileReference; explicitFileType = wrapper.cfbundle; includeInIndex = 0; path = UITests.xctest; sourceTree = BUILT_PRODUCTS_DIR; };
		28F4E15B1CDA53B5002B70A7 /* UITests.swift */ = {isa = PBXFileReference; lastKnownFileType = sourcecode.swift; path = UITests.swift; sourceTree = "<group>"; };
		28F4E15D1CDA53B5002B70A7 /* Info.plist */ = {isa = PBXFileReference; lastKnownFileType = text.plist.xml; path = Info.plist; sourceTree = "<group>"; };
		4E57F1A373849C3308E5FA57 /* Pods_UITests.framework */ = {isa = PBXFileReference; explicitFileType = wrapper.framework; includeInIndex = 0; path = Pods_UITests.framework; sourceTree = BUILT_PRODUCTS_DIR; };
		5447D68A31F540904DA06E64 /* Pods_XLProjectName_Staging.framework */ = {isa = PBXFileReference; explicitFileType = wrapper.framework; includeInIndex = 0; path = Pods_XLProjectName_Staging.framework; sourceTree = BUILT_PRODUCTS_DIR; };
		5B5428E1F88CA43202CA5CDD /* Pods.debug.xcconfig */ = {isa = PBXFileReference; includeInIndex = 1; lastKnownFileType = text.xcconfig; name = Pods.debug.xcconfig; path = "Pods/Target Support Files/Pods/Pods.debug.xcconfig"; sourceTree = "<group>"; };
		5ED97A6C9BE0ABAD71732508 /* Pods-ui_tests.release.xcconfig */ = {isa = PBXFileReference; includeInIndex = 1; lastKnownFileType = text.xcconfig; name = "Pods-ui_tests.release.xcconfig"; path = "Pods/Target Support Files/Pods-ui_tests/Pods-ui_tests.release.xcconfig"; sourceTree = "<group>"; };
		683AAEDEA98454FC0952E65C /* Pods-unit_tests.debug.xcconfig */ = {isa = PBXFileReference; includeInIndex = 1; lastKnownFileType = text.xcconfig; name = "Pods-unit_tests.debug.xcconfig"; path = "Pods/Target Support Files/Pods-unit_tests/Pods-unit_tests.debug.xcconfig"; sourceTree = "<group>"; };
		6AF246A8383CE6E2620C22C3 /* Pods-XLProjectName.release.xcconfig */ = {isa = PBXFileReference; includeInIndex = 1; lastKnownFileType = text.xcconfig; name = "Pods-XLProjectName.release.xcconfig"; path = "Pods/Target Support Files/Pods-XLProjectName/Pods-XLProjectName.release.xcconfig"; sourceTree = "<group>"; };
		6AF4BCE310ECE9EF72052552 /* Pods-Tests.release.xcconfig */ = {isa = PBXFileReference; includeInIndex = 1; lastKnownFileType = text.xcconfig; name = "Pods-Tests.release.xcconfig"; path = "Pods/Target Support Files/Pods-Tests/Pods-Tests.release.xcconfig"; sourceTree = "<group>"; };
		7B825ECE73F7CC1058884D69 /* Pods_unit_tests.framework */ = {isa = PBXFileReference; explicitFileType = wrapper.framework; includeInIndex = 0; path = Pods_unit_tests.framework; sourceTree = BUILT_PRODUCTS_DIR; };
		81D1F36300BEF455B87151D4 /* Pods_ui_tests.framework */ = {isa = PBXFileReference; explicitFileType = wrapper.framework; includeInIndex = 0; path = Pods_ui_tests.framework; sourceTree = BUILT_PRODUCTS_DIR; };
		81E43E579EBE5CFCEEDA49C9 /* Pods-unit_tests.release.xcconfig */ = {isa = PBXFileReference; includeInIndex = 1; lastKnownFileType = text.xcconfig; name = "Pods-unit_tests.release.xcconfig"; path = "Pods/Target Support Files/Pods-unit_tests/Pods-unit_tests.release.xcconfig"; sourceTree = "<group>"; };
		9C9526B7C0B8808A67721699 /* Pods-XLProjectName-Staging.release.xcconfig */ = {isa = PBXFileReference; includeInIndex = 1; lastKnownFileType = text.xcconfig; name = "Pods-XLProjectName-Staging.release.xcconfig"; path = "Pods/Target Support Files/Pods-XLProjectName-Staging/Pods-XLProjectName-Staging.release.xcconfig"; sourceTree = "<group>"; };
		9FDCBEAA30C082EB645948C0 /* Pods-UITests.debug.xcconfig */ = {isa = PBXFileReference; includeInIndex = 1; lastKnownFileType = text.xcconfig; name = "Pods-UITests.debug.xcconfig"; path = "Pods/Target Support Files/Pods-UITests/Pods-UITests.debug.xcconfig"; sourceTree = "<group>"; };
		A72B8BD70ACBADB61E8DCC94 /* Pods-ui_tests.debug.xcconfig */ = {isa = PBXFileReference; includeInIndex = 1; lastKnownFileType = text.xcconfig; name = "Pods-ui_tests.debug.xcconfig"; path = "Pods/Target Support Files/Pods-ui_tests/Pods-ui_tests.debug.xcconfig"; sourceTree = "<group>"; };
		AC9E911CC8B746EFE8866092 /* Pods-XLProjectName.debug.xcconfig */ = {isa = PBXFileReference; includeInIndex = 1; lastKnownFileType = text.xcconfig; name = "Pods-XLProjectName.debug.xcconfig"; path = "Pods/Target Support Files/Pods-XLProjectName/Pods-XLProjectName.debug.xcconfig"; sourceTree = "<group>"; };
		B23285141DAE5A1200859100 /* AppDelegate+XLProjectName.swift */ = {isa = PBXFileReference; fileEncoding = 4; lastKnownFileType = sourcecode.swift; path = "AppDelegate+XLProjectName.swift"; sourceTree = "<group>"; };
		B23285181DAE5B5300859100 /* String.swift */ = {isa = PBXFileReference; fileEncoding = 4; lastKnownFileType = sourcecode.swift; path = String.swift; sourceTree = "<group>"; };
		B232851E1DAE5C4200859100 /* UIImageView.swift */ = {isa = PBXFileReference; fileEncoding = 4; lastKnownFileType = sourcecode.swift; path = UIImageView.swift; sourceTree = "<group>"; };
		B23285211DAE628B00859100 /* Device.swift */ = {isa = PBXFileReference; fileEncoding = 4; lastKnownFileType = sourcecode.swift; path = Device.swift; sourceTree = "<group>"; };
		B23285241DAEAE6900859100 /* Constants.swift */ = {isa = PBXFileReference; fileEncoding = 4; lastKnownFileType = sourcecode.swift; path = Constants.swift; sourceTree = "<group>"; };
		B23A40EF1C972C2B004AB8DC /* Date.swift */ = {isa = PBXFileReference; fileEncoding = 4; lastKnownFileType = sourcecode.swift; path = Date.swift; sourceTree = "<group>"; };
		B2947EB61DB7B41D009F5CE5 /* XLProjectNameNavigationController.swift */ = {isa = PBXFileReference; fileEncoding = 4; lastKnownFileType = sourcecode.swift; name = XLProjectNameNavigationController.swift; path = Base/XLProjectNameNavigationController.swift; sourceTree = "<group>"; };
		B2947EB91DB7B442009F5CE5 /* XLProjectNameViewController.swift */ = {isa = PBXFileReference; fileEncoding = 4; lastKnownFileType = sourcecode.swift; name = XLProjectNameViewController.swift; path = Base/XLProjectNameViewController.swift; sourceTree = "<group>"; };
		B2866B871D9ED55700E93DED /* R.generated.swift */ = {isa = PBXFileReference; fileEncoding = 4; lastKnownFileType = sourcecode.swift; name = R.generated.swift; path = "R-Swift/R.generated.swift"; sourceTree = "<group>"; };
		B2866B8A1D9ED62900E93DED /* NetworkManager.swift */ = {isa = PBXFileReference; fileEncoding = 4; lastKnownFileType = sourcecode.swift; path = NetworkManager.swift; sourceTree = "<group>"; };
		B2866B8B1D9ED62900E93DED /* RouteType.swift */ = {isa = PBXFileReference; fileEncoding = 4; lastKnownFileType = sourcecode.swift; path = RouteType.swift; sourceTree = "<group>"; };
		B2866B8C1D9ED62900E93DED /* SessionController.swift */ = {isa = PBXFileReference; fileEncoding = 4; lastKnownFileType = sourcecode.swift; path = SessionController.swift; sourceTree = "<group>"; };
		B2866B931D9EE2BE00E93DED /* Routes.swift */ = {isa = PBXFileReference; fileEncoding = 4; lastKnownFileType = sourcecode.swift; path = Routes.swift; sourceTree = "<group>"; };
		B28C9C5F1DA6ED2400B36F58 /* Error.swift */ = {isa = PBXFileReference; fileEncoding = 4; lastKnownFileType = sourcecode.swift; path = Error.swift; sourceTree = "<group>"; };
		B2947EAE1DB7B1CB009F5CE5 /* RealmManager.swift */ = {isa = PBXFileReference; fileEncoding = 4; lastKnownFileType = sourcecode.swift; path = RealmManager.swift; sourceTree = "<group>"; };
		B2947EB21DB7B3AF009F5CE5 /* DrawerMainViewController.swift */ = {isa = PBXFileReference; fileEncoding = 4; lastKnownFileType = sourcecode.swift; name = DrawerMainViewController.swift; path = Navigation/DrawerMainViewController.swift; sourceTree = "<group>"; };
		DEE523F7CE6A0E56FCF7A0A5 /* Pods_XLProjectName.framework */ = {isa = PBXFileReference; explicitFileType = wrapper.framework; includeInIndex = 0; path = Pods_XLProjectName.framework; sourceTree = BUILT_PRODUCTS_DIR; };
		F5CE8DAF3DF9D8499BA58B7A /* Pods.framework */ = {isa = PBXFileReference; explicitFileType = wrapper.framework; includeInIndex = 0; path = Pods.framework; sourceTree = BUILT_PRODUCTS_DIR; };
/* End PBXFileReference section */

/* Begin PBXFrameworksBuildPhase section */
		2841F1F21CCFF55600D609CE /* Frameworks */ = {
			isa = PBXFrameworksBuildPhase;
			buildActionMask = 2147483647;
			files = (
				3C40F919E8D37A2F37F7B6B6 /* Pods_XLProjectName_Staging.framework in Frameworks */,
			);
			runOnlyForDeploymentPostprocessing = 0;
		};
		2867E8241C74C7D400FCEBBD /* Frameworks */ = {
			isa = PBXFrameworksBuildPhase;
			buildActionMask = 2147483647;
			files = (
				4B945363A28A1C6640411283 /* Pods_XLProjectName.framework in Frameworks */,
			);
			runOnlyForDeploymentPostprocessing = 0;
		};
		28C69D361CD8E3D600F839D6 /* Frameworks */ = {
			isa = PBXFrameworksBuildPhase;
			buildActionMask = 2147483647;
			files = (
				6AAAC7ADB56883E748045F14 /* Pods_Tests.framework in Frameworks */,
			);
			runOnlyForDeploymentPostprocessing = 0;
		};
		28F4E1561CDA53B5002B70A7 /* Frameworks */ = {
			isa = PBXFrameworksBuildPhase;
			buildActionMask = 2147483647;
			files = (
				8DAA6177DA9042D85860C750 /* Pods_UITests.framework in Frameworks */,
			);
			runOnlyForDeploymentPostprocessing = 0;
		};
/* End PBXFrameworksBuildPhase section */

/* Begin PBXGroup section */
		281731661C9B6D43006237C7 /* Stoyboards */ = {
			isa = PBXGroup;
			children = (
				2867E82E1C74C7D400FCEBBD /* Main.storyboard */,
				2867E8331C74C7D400FCEBBD /* LaunchScreen.storyboard */,
			);
			name = Stoyboards;
			path = Base.lproj;
			sourceTree = "<group>";
		};
		281BF19B1C7B8EEF00809E3F /* Networking */ = {
			isa = PBXGroup;
			children = (
				B2866B8A1D9ED62900E93DED /* NetworkManager.swift */,
				B2866B8B1D9ED62900E93DED /* RouteType.swift */,
				B2866B8C1D9ED62900E93DED /* SessionController.swift */,
				B2866B931D9EE2BE00E93DED /* Routes.swift */,
			);
			path = Networking;
			sourceTree = "<group>";
		};
		2867E81E1C74C7D300FCEBBD = {
			isa = PBXGroup;
			children = (
				2867E8291C74C7D400FCEBBD /* XLProjectName */,
				28C69D3A1CD8E3D600F839D6 /* Tests */,
				28F4E15A1CDA53B5002B70A7 /* UITests */,
				2867E8281C74C7D400FCEBBD /* Products */,
				5EE537605AFB39F1AD1482CF /* Pods */,
				2E82DB69CE8E114B033D890A /* Frameworks */,
			);
			sourceTree = "<group>";
		};
		2867E8281C74C7D400FCEBBD /* Products */ = {
			isa = PBXGroup;
			children = (
				2867E8271C74C7D400FCEBBD /* XLProjectName.app */,
				2841F2031CCFF55600D609CE /* XLProjectName-Staging.app */,
				28C69D391CD8E3D600F839D6 /* Tests.xctest */,
				28F4E1591CDA53B5002B70A7 /* UITests.xctest */,
			);
			name = Products;
			sourceTree = "<group>";
		};
		2867E8291C74C7D400FCEBBD /* XLProjectName */ = {
			isa = PBXGroup;
			children = (
				28C282391C7795DB003ECA4F /* Controllers */,
				28C282371C7795A2003ECA4F /* Helpers */,
				28C282381C7795B3003ECA4F /* Models */,
				281BF19B1C7B8EEF00809E3F /* Networking */,
				28C282361C779580003ECA4F /* Views */,
				8F0759951D772AD90012D681 /* Resources */,
				281731661C9B6D43006237C7 /* Stoyboards */,
				8F0759941D772AA50012D681 /* Supporting Files */,
				2867E82A1C74C7D400FCEBBD /* AppDelegate.swift */,
			);
			path = XLProjectName;
			sourceTree = "<group>";
		};
		28C282361C779580003ECA4F /* Views */ = {
			isa = PBXGroup;
			children = (
			);
			name = Views;
			sourceTree = "<group>";
		};
		28C282371C7795A2003ECA4F /* Helpers */ = {
			isa = PBXGroup;
			children = (
				28C282411C7797CA003ECA4F /* Extensions */,
				B2866B861D9ED53C00E93DED /* R-Swift */,
				B23285241DAEAE6900859100 /* Constants.swift */,
				B28C9C5F1DA6ED2400B36F58 /* Error.swift */,
			);
			path = Helpers;
			sourceTree = "<group>";
		};
		28C282381C7795B3003ECA4F /* Models */ = {
			isa = PBXGroup;
			children = (
				B2947EAE1DB7B1CB009F5CE5 /* RealmManager.swift */,
			);
			path = Models;
			sourceTree = "<group>";
		};
		28C282391C7795DB003ECA4F /* Controllers */ = {
			isa = PBXGroup;
			children = (
				B2947EB51DB7B402009F5CE5 /* Base */,
				B2947EB11DB7B343009F5CE5 /* Navigation */,
			);
			path = Controllers;
			sourceTree = "<group>";
		};
		28C282411C7797CA003ECA4F /* Extensions */ = {
			isa = PBXGroup;
			children = (
				B23285141DAE5A1200859100 /* AppDelegate+XLProjectName.swift */,
				B23A40EF1C972C2B004AB8DC /* Date.swift */,
				B23285211DAE628B00859100 /* Device.swift */,
				B23285181DAE5B5300859100 /* String.swift */,
				B232851E1DAE5C4200859100 /* UIImageView.swift */,
			);
			path = Extensions;
			sourceTree = "<group>";
		};
		28C69D3A1CD8E3D600F839D6 /* Tests */ = {
			isa = PBXGroup;
			children = (
				28C69D3B1CD8E3D600F839D6 /* Tests.swift */,
				28C69D3D1CD8E3D600F839D6 /* Info.plist */,
			);
			path = Tests;
			sourceTree = "<group>";
		};
		28F4E15A1CDA53B5002B70A7 /* UITests */ = {
			isa = PBXGroup;
			children = (
				28F4E15B1CDA53B5002B70A7 /* UITests.swift */,
				28F4E15D1CDA53B5002B70A7 /* Info.plist */,
			);
			path = UITests;
			sourceTree = "<group>";
		};
		2E82DB69CE8E114B033D890A /* Frameworks */ = {
			isa = PBXGroup;
			children = (
				F5CE8DAF3DF9D8499BA58B7A /* Pods.framework */,
				7B825ECE73F7CC1058884D69 /* Pods_unit_tests.framework */,
				81D1F36300BEF455B87151D4 /* Pods_ui_tests.framework */,
				174F585F7E9D6B2B6BF61B19 /* Pods_Tests.framework */,
				4E57F1A373849C3308E5FA57 /* Pods_UITests.framework */,
				DEE523F7CE6A0E56FCF7A0A5 /* Pods_XLProjectName.framework */,
				5447D68A31F540904DA06E64 /* Pods_XLProjectName_Staging.framework */,
			);
			name = Frameworks;
			sourceTree = "<group>";
		};
		5EE537605AFB39F1AD1482CF /* Pods */ = {
			isa = PBXGroup;
			children = (
				5B5428E1F88CA43202CA5CDD /* Pods.debug.xcconfig */,
				07D33F5B22E367732FA2BFF0 /* Pods.release.xcconfig */,
				683AAEDEA98454FC0952E65C /* Pods-unit_tests.debug.xcconfig */,
				81E43E579EBE5CFCEEDA49C9 /* Pods-unit_tests.release.xcconfig */,
				A72B8BD70ACBADB61E8DCC94 /* Pods-ui_tests.debug.xcconfig */,
				5ED97A6C9BE0ABAD71732508 /* Pods-ui_tests.release.xcconfig */,
				20C3863EDAF6B64F5C07C53A /* Pods-Tests.debug.xcconfig */,
				6AF4BCE310ECE9EF72052552 /* Pods-Tests.release.xcconfig */,
				9FDCBEAA30C082EB645948C0 /* Pods-UITests.debug.xcconfig */,
				0A1759BFE439013D1F0FBED3 /* Pods-UITests.release.xcconfig */,
				AC9E911CC8B746EFE8866092 /* Pods-XLProjectName.debug.xcconfig */,
				6AF246A8383CE6E2620C22C3 /* Pods-XLProjectName.release.xcconfig */,
				046B1680671D3D24701E8B4E /* Pods-XLProjectName-Staging.debug.xcconfig */,
				9C9526B7C0B8808A67721699 /* Pods-XLProjectName-Staging.release.xcconfig */,
			);
			name = Pods;
			sourceTree = "<group>";
		};
		8F0759941D772AA50012D681 /* Supporting Files */ = {
			isa = PBXGroup;
			children = (
				2867E8361C74C7D400FCEBBD /* Info.plist */,
				2841F2041CCFF55600D609CE /* Info-Staging.plist */,
			);
			path = "Supporting Files";
			sourceTree = "<group>";
		};
		8F0759951D772AD90012D681 /* Resources */ = {
			isa = PBXGroup;
			children = (
				2867E8311C74C7D400FCEBBD /* Assets.xcassets */,
			);
			name = Resources;
			sourceTree = "<group>";
		};
		B2947EB51DB7B402009F5CE5 /* Base */ = {
			isa = PBXGroup;
			children = (
				B2947EB61DB7B41D009F5CE5 /* XLProjectNameNavigationController.swift */,
				B2947EB91DB7B442009F5CE5 /* XLProjectNameViewController.swift */,
			);
			name = Base;
			sourceTree = "<group>";
		};
		B2866B861D9ED53C00E93DED /* R-Swift */ = {
			isa = PBXGroup;
			children = (
				B2866B871D9ED55700E93DED /* R.generated.swift */,
			);
			name = "R-Swift";
			sourceTree = "<group>";
		};
		B2947EB11DB7B343009F5CE5 /* Navigation */ = {
			isa = PBXGroup;
			children = (
				B2947EB21DB7B3AF009F5CE5 /* DrawerMainViewController.swift */,
			);
			name = Navigation;
			sourceTree = "<group>";
		};
/* End PBXGroup section */

/* Begin PBXNativeTarget section */
		2841F1D91CCFF55600D609CE /* XLProjectName-Staging */ = {
			isa = PBXNativeTarget;
			buildConfigurationList = 2841F2001CCFF55600D609CE /* Build configuration list for PBXNativeTarget "XLProjectName-Staging" */;
			buildPhases = (
				2841F1DA1CCFF55600D609CE /* [CP] Check Pods Manifest.lock */,
				B2866B841D9ED47700E93DED /* R.Swift */,
				2841F1DB1CCFF55600D609CE /* Sources */,
				2841F1F21CCFF55600D609CE /* Frameworks */,
				2841F1F41CCFF55600D609CE /* Resources */,
				2841F1FA1CCFF55600D609CE /* [CP] Embed Pods Frameworks */,
				2841F1FB1CCFF55600D609CE /* [CP] Copy Pods Resources */,
				2841F1FE1CCFF55600D609CE /* Swift Lint */,
				B2996FFE1D9C84A4004171C7 /* Fabric */,
			);
			buildRules = (
			);
			dependencies = (
			);
			name = "XLProjectName-Staging";
			productName = XLProjectName;
			productReference = 2841F2031CCFF55600D609CE /* XLProjectName-Staging.app */;
			productType = "com.apple.product-type.application";
		};
		2867E8261C74C7D400FCEBBD /* XLProjectName */ = {
			isa = PBXNativeTarget;
			buildConfigurationList = 2867E84F1C74C7D400FCEBBD /* Build configuration list for PBXNativeTarget "XLProjectName" */;
			buildPhases = (
				98468AD2330B42BFD2F7B6D1 /* [CP] Check Pods Manifest.lock */,
				B2866B851D9ED49300E93DED /* R.Swift */,
				2867E8231C74C7D400FCEBBD /* Sources */,
				2867E8241C74C7D400FCEBBD /* Frameworks */,
				2867E8251C74C7D400FCEBBD /* Resources */,
				DC47F16F71998B02D5AAB204 /* [CP] Embed Pods Frameworks */,
				7D7B44A655DDFEDD1216A0EE /* [CP] Copy Pods Resources */,
				283020B71C8A057C00E6EBC2 /* Swift Lint */,
				B2996FFD1D9C849F004171C7 /* Fabric */,
			);
			buildRules = (
			);
			dependencies = (
			);
			name = XLProjectName;
			productName = XLProjectName;
			productReference = 2867E8271C74C7D400FCEBBD /* XLProjectName.app */;
			productType = "com.apple.product-type.application";
		};
		28C69D381CD8E3D600F839D6 /* Tests */ = {
			isa = PBXNativeTarget;
			buildConfigurationList = 28C69D401CD8E3D600F839D6 /* Build configuration list for PBXNativeTarget "Tests" */;
			buildPhases = (
				A79AE596D560950CD8DCE35E /* [CP] Check Pods Manifest.lock */,
				28C69D351CD8E3D600F839D6 /* Sources */,
				28C69D361CD8E3D600F839D6 /* Frameworks */,
				28C69D371CD8E3D600F839D6 /* Resources */,
				729FF67889D2301B3399D707 /* [CP] Embed Pods Frameworks */,
				82BC6177116B21ED4ED71169 /* [CP] Copy Pods Resources */,
			);
			buildRules = (
			);
			dependencies = (
				28C69D3F1CD8E3D600F839D6 /* PBXTargetDependency */,
				8F07599F1D77431A0012D681 /* PBXTargetDependency */,
			);
			name = Tests;
			productName = Tests;
			productReference = 28C69D391CD8E3D600F839D6 /* Tests.xctest */;
			productType = "com.apple.product-type.bundle.unit-test";
		};
		28F4E1581CDA53B5002B70A7 /* UITests */ = {
			isa = PBXNativeTarget;
			buildConfigurationList = 28F4E1601CDA53B6002B70A7 /* Build configuration list for PBXNativeTarget "UITests" */;
			buildPhases = (
				2F79BEAD31A7EAC6AD4F4CA1 /* [CP] Check Pods Manifest.lock */,
				28F4E1551CDA53B5002B70A7 /* Sources */,
				28F4E1561CDA53B5002B70A7 /* Frameworks */,
				28F4E1571CDA53B5002B70A7 /* Resources */,
				0B79AF455EC99ECE5275969B /* [CP] Copy Pods Resources */,
				F3B20F7299B15E7F3DBD5CC3 /* [CP] Embed Pods Frameworks */,
			);
			buildRules = (
			);
			dependencies = (
				28F4E15F1CDA53B5002B70A7 /* PBXTargetDependency */,
				8F07599D1D7743180012D681 /* PBXTargetDependency */,
			);
			name = UITests;
			productName = UITests;
			productReference = 28F4E1591CDA53B5002B70A7 /* UITests.xctest */;
			productType = "com.apple.product-type.bundle.ui-testing";
		};
/* End PBXNativeTarget section */

/* Begin PBXProject section */
		2867E81F1C74C7D400FCEBBD /* Project object */ = {
			isa = PBXProject;
			attributes = {
				LastSwiftUpdateCheck = 0730;
				LastUpgradeCheck = 0800;
				ORGANIZATIONNAME = "'XLOrganizationName'";
				TargetAttributes = {
					2841F1D91CCFF55600D609CE = {
						LastSwiftMigration = 0800;
					};
					2867E8261C74C7D400FCEBBD = {
						CreatedOnToolsVersion = 7.2;
						LastSwiftMigration = 0800;
					};
					28C69D381CD8E3D600F839D6 = {
						CreatedOnToolsVersion = 7.3;
						LastSwiftMigration = 0800;
						TestTargetID = 2841F1D91CCFF55600D609CE;
					};
					28F4E1581CDA53B5002B70A7 = {
						CreatedOnToolsVersion = 7.3;
						LastSwiftMigration = 0800;
						TestTargetID = 2841F1D91CCFF55600D609CE;
					};
				};
			};
			buildConfigurationList = 2867E8221C74C7D400FCEBBD /* Build configuration list for PBXProject "XLProjectName" */;
			compatibilityVersion = "Xcode 3.2";
			developmentRegion = English;
			hasScannedForEncodings = 0;
			knownRegions = (
				en,
				Base,
			);
			mainGroup = 2867E81E1C74C7D300FCEBBD;
			productRefGroup = 2867E8281C74C7D400FCEBBD /* Products */;
			projectDirPath = "";
			projectRoot = "";
			targets = (
				2867E8261C74C7D400FCEBBD /* XLProjectName */,
				2841F1D91CCFF55600D609CE /* XLProjectName-Staging */,
				28C69D381CD8E3D600F839D6 /* Tests */,
				28F4E1581CDA53B5002B70A7 /* UITests */,
			);
		};
/* End PBXProject section */

/* Begin PBXResourcesBuildPhase section */
		2841F1F41CCFF55600D609CE /* Resources */ = {
			isa = PBXResourcesBuildPhase;
			buildActionMask = 2147483647;
			files = (
				2841F1F51CCFF55600D609CE /* LaunchScreen.storyboard in Resources */,
				2841F1F81CCFF55600D609CE /* Assets.xcassets in Resources */,
				2841F1F91CCFF55600D609CE /* Main.storyboard in Resources */,
			);
			runOnlyForDeploymentPostprocessing = 0;
		};
		2867E8251C74C7D400FCEBBD /* Resources */ = {
			isa = PBXResourcesBuildPhase;
			buildActionMask = 2147483647;
			files = (
				2867E8351C74C7D400FCEBBD /* LaunchScreen.storyboard in Resources */,
				2867E8321C74C7D400FCEBBD /* Assets.xcassets in Resources */,
				2867E8301C74C7D400FCEBBD /* Main.storyboard in Resources */,
			);
			runOnlyForDeploymentPostprocessing = 0;
		};
		28C69D371CD8E3D600F839D6 /* Resources */ = {
			isa = PBXResourcesBuildPhase;
			buildActionMask = 2147483647;
			files = (
			);
			runOnlyForDeploymentPostprocessing = 0;
		};
		28F4E1571CDA53B5002B70A7 /* Resources */ = {
			isa = PBXResourcesBuildPhase;
			buildActionMask = 2147483647;
			files = (
			);
			runOnlyForDeploymentPostprocessing = 0;
		};
/* End PBXResourcesBuildPhase section */

/* Begin PBXShellScriptBuildPhase section */
		0B79AF455EC99ECE5275969B /* [CP] Copy Pods Resources */ = {
			isa = PBXShellScriptBuildPhase;
			buildActionMask = 2147483647;
			files = (
			);
			inputPaths = (
			);
			name = "[CP] Copy Pods Resources";
			outputPaths = (
			);
			runOnlyForDeploymentPostprocessing = 0;
			shellPath = /bin/sh;
			shellScript = "\"${SRCROOT}/Pods/Target Support Files/Pods-UITests/Pods-UITests-resources.sh\"\n";
			showEnvVarsInLog = 0;
		};
		283020B71C8A057C00E6EBC2 /* Swift Lint */ = {
			isa = PBXShellScriptBuildPhase;
			buildActionMask = 2147483647;
			files = (
			);
			inputPaths = (
			);
			name = "Swift Lint";
			outputPaths = (
			);
			runOnlyForDeploymentPostprocessing = 0;
			shellPath = /bin/sh;
			shellScript = "if which swiftlint >/dev/null; then\n    swiftlint\nelse\n    echo \"SwiftLint does not exist, download from https://github.com/realm/SwiftLint\"\nfi";
		};
		2841F1DA1CCFF55600D609CE /* [CP] Check Pods Manifest.lock */ = {
			isa = PBXShellScriptBuildPhase;
			buildActionMask = 2147483647;
			files = (
			);
			inputPaths = (
			);
			name = "[CP] Check Pods Manifest.lock";
			outputPaths = (
			);
			runOnlyForDeploymentPostprocessing = 0;
			shellPath = /bin/sh;
			shellScript = "diff \"${PODS_ROOT}/../Podfile.lock\" \"${PODS_ROOT}/Manifest.lock\" > /dev/null\nif [[ $? != 0 ]] ; then\n    cat << EOM\nerror: The sandbox is not in sync with the Podfile.lock. Run 'pod install' or update your CocoaPods installation.\nEOM\n    exit 1\nfi\n";
			showEnvVarsInLog = 0;
		};
		2841F1FA1CCFF55600D609CE /* [CP] Embed Pods Frameworks */ = {
			isa = PBXShellScriptBuildPhase;
			buildActionMask = 2147483647;
			files = (
			);
			inputPaths = (
			);
			name = "[CP] Embed Pods Frameworks";
			outputPaths = (
			);
			runOnlyForDeploymentPostprocessing = 0;
			shellPath = /bin/sh;
			shellScript = "\"${SRCROOT}/Pods/Target Support Files/Pods-XLProjectName-Staging/Pods-XLProjectName-Staging-frameworks.sh\"\n";
			showEnvVarsInLog = 0;
		};
		2841F1FB1CCFF55600D609CE /* [CP] Copy Pods Resources */ = {
			isa = PBXShellScriptBuildPhase;
			buildActionMask = 2147483647;
			files = (
			);
			inputPaths = (
			);
			name = "[CP] Copy Pods Resources";
			outputPaths = (
			);
			runOnlyForDeploymentPostprocessing = 0;
			shellPath = /bin/sh;
			shellScript = "\"${SRCROOT}/Pods/Target Support Files/Pods-XLProjectName-Staging/Pods-XLProjectName-Staging-resources.sh\"\n";
			showEnvVarsInLog = 0;
		};
		2841F1FE1CCFF55600D609CE /* Swift Lint */ = {
			isa = PBXShellScriptBuildPhase;
			buildActionMask = 2147483647;
			files = (
			);
			inputPaths = (
			);
			name = "Swift Lint";
			outputPaths = (
			);
			runOnlyForDeploymentPostprocessing = 0;
			shellPath = /bin/sh;
			shellScript = "if which swiftlint >/dev/null; then\n    swiftlint\nelse\n    echo \"SwiftLint does not exist, download from https://github.com/realm/SwiftLint\"\nfi";
		};
		2F79BEAD31A7EAC6AD4F4CA1 /* [CP] Check Pods Manifest.lock */ = {
			isa = PBXShellScriptBuildPhase;
			buildActionMask = 2147483647;
			files = (
			);
			inputPaths = (
			);
			name = "[CP] Check Pods Manifest.lock";
			outputPaths = (
			);
			runOnlyForDeploymentPostprocessing = 0;
			shellPath = /bin/sh;
			shellScript = "diff \"${PODS_ROOT}/../Podfile.lock\" \"${PODS_ROOT}/Manifest.lock\" > /dev/null\nif [[ $? != 0 ]] ; then\n    cat << EOM\nerror: The sandbox is not in sync with the Podfile.lock. Run 'pod install' or update your CocoaPods installation.\nEOM\n    exit 1\nfi\n";
			showEnvVarsInLog = 0;
		};
		729FF67889D2301B3399D707 /* [CP] Embed Pods Frameworks */ = {
			isa = PBXShellScriptBuildPhase;
			buildActionMask = 2147483647;
			files = (
			);
			inputPaths = (
			);
			name = "[CP] Embed Pods Frameworks";
			outputPaths = (
			);
			runOnlyForDeploymentPostprocessing = 0;
			shellPath = /bin/sh;
			shellScript = "\"${SRCROOT}/Pods/Target Support Files/Pods-Tests/Pods-Tests-frameworks.sh\"\n";
			showEnvVarsInLog = 0;
		};
		7D7B44A655DDFEDD1216A0EE /* [CP] Copy Pods Resources */ = {
			isa = PBXShellScriptBuildPhase;
			buildActionMask = 2147483647;
			files = (
			);
			inputPaths = (
			);
			name = "[CP] Copy Pods Resources";
			outputPaths = (
			);
			runOnlyForDeploymentPostprocessing = 0;
			shellPath = /bin/sh;
			shellScript = "\"${SRCROOT}/Pods/Target Support Files/Pods-XLProjectName/Pods-XLProjectName-resources.sh\"\n";
			showEnvVarsInLog = 0;
		};
		82BC6177116B21ED4ED71169 /* [CP] Copy Pods Resources */ = {
			isa = PBXShellScriptBuildPhase;
			buildActionMask = 2147483647;
			files = (
			);
			inputPaths = (
			);
			name = "[CP] Copy Pods Resources";
			outputPaths = (
			);
			runOnlyForDeploymentPostprocessing = 0;
			shellPath = /bin/sh;
			shellScript = "\"${SRCROOT}/Pods/Target Support Files/Pods-Tests/Pods-Tests-resources.sh\"\n";
			showEnvVarsInLog = 0;
		};
		98468AD2330B42BFD2F7B6D1 /* [CP] Check Pods Manifest.lock */ = {
			isa = PBXShellScriptBuildPhase;
			buildActionMask = 2147483647;
			files = (
			);
			inputPaths = (
			);
			name = "[CP] Check Pods Manifest.lock";
			outputPaths = (
			);
			runOnlyForDeploymentPostprocessing = 0;
			shellPath = /bin/sh;
			shellScript = "diff \"${PODS_ROOT}/../Podfile.lock\" \"${PODS_ROOT}/Manifest.lock\" > /dev/null\nif [[ $? != 0 ]] ; then\n    cat << EOM\nerror: The sandbox is not in sync with the Podfile.lock. Run 'pod install' or update your CocoaPods installation.\nEOM\n    exit 1\nfi\n";
			showEnvVarsInLog = 0;
		};
		A79AE596D560950CD8DCE35E /* [CP] Check Pods Manifest.lock */ = {
			isa = PBXShellScriptBuildPhase;
			buildActionMask = 2147483647;
			files = (
			);
			inputPaths = (
			);
			name = "[CP] Check Pods Manifest.lock";
			outputPaths = (
			);
			runOnlyForDeploymentPostprocessing = 0;
			shellPath = /bin/sh;
			shellScript = "diff \"${PODS_ROOT}/../Podfile.lock\" \"${PODS_ROOT}/Manifest.lock\" > /dev/null\nif [[ $? != 0 ]] ; then\n    cat << EOM\nerror: The sandbox is not in sync with the Podfile.lock. Run 'pod install' or update your CocoaPods installation.\nEOM\n    exit 1\nfi\n";
			showEnvVarsInLog = 0;
		};
		B2866B841D9ED47700E93DED /* R.Swift */ = {
			isa = PBXShellScriptBuildPhase;
			buildActionMask = 2147483647;
			files = (
			);
			inputPaths = (
			);
			name = R.Swift;
			outputPaths = (
			);
			runOnlyForDeploymentPostprocessing = 0;
			shellPath = /bin/sh;
			shellScript = "\"$PODS_ROOT/R.swift/rswift\" \"$SRCROOT/XLProjectName/Helpers/R-Swift\"";
		};
		B2866B851D9ED49300E93DED /* R.Swift */ = {
			isa = PBXShellScriptBuildPhase;
			buildActionMask = 2147483647;
			files = (
			);
			inputPaths = (
			);
			name = R.Swift;
			outputPaths = (
			);
			runOnlyForDeploymentPostprocessing = 0;
			shellPath = /bin/sh;
			shellScript = "\"$PODS_ROOT/R.swift/rswift\" \"$SRCROOT/XLProjectName/Helpers/R-Swift\"";
		};
		B2996FFD1D9C849F004171C7 /* Fabric */ = {
			isa = PBXShellScriptBuildPhase;
			buildActionMask = 2147483647;
			files = (
			);
			inputPaths = (
			);
			name = Fabric;
			outputPaths = (
			);
			runOnlyForDeploymentPostprocessing = 0;
			shellPath = /bin/sh;
			shellScript = "\"${PODS_ROOT}/Fabric/run\" a123456789a1234a123456789a1234567890a1aa 123456789aaa1234d12fff12345b1aa123a1c1a1fb1aaa123a12a3aa123a1234";
		};
		B2996FFE1D9C84A4004171C7 /* Fabric */ = {
			isa = PBXShellScriptBuildPhase;
			buildActionMask = 2147483647;
			files = (
			);
			inputPaths = (
			);
			name = Fabric;
			outputPaths = (
			);
			runOnlyForDeploymentPostprocessing = 0;
			shellPath = /bin/sh;
			shellScript = "\"${PODS_ROOT}/Fabric/run\" a123456789a1234a123456789a1234567890a1aa 123456789aaa1234d12fff12345b1aa123a1c1a1fb1aaa123a12a3aa123a1234";
		};
		DC47F16F71998B02D5AAB204 /* [CP] Embed Pods Frameworks */ = {
			isa = PBXShellScriptBuildPhase;
			buildActionMask = 2147483647;
			files = (
			);
			inputPaths = (
			);
			name = "[CP] Embed Pods Frameworks";
			outputPaths = (
			);
			runOnlyForDeploymentPostprocessing = 0;
			shellPath = /bin/sh;
			shellScript = "\"${SRCROOT}/Pods/Target Support Files/Pods-XLProjectName/Pods-XLProjectName-frameworks.sh\"\n";
			showEnvVarsInLog = 0;
		};
		F3B20F7299B15E7F3DBD5CC3 /* [CP] Embed Pods Frameworks */ = {
			isa = PBXShellScriptBuildPhase;
			buildActionMask = 2147483647;
			files = (
			);
			inputPaths = (
			);
			name = "[CP] Embed Pods Frameworks";
			outputPaths = (
			);
			runOnlyForDeploymentPostprocessing = 0;
			shellPath = /bin/sh;
			shellScript = "\"${SRCROOT}/Pods/Target Support Files/Pods-UITests/Pods-UITests-frameworks.sh\"\n";
			showEnvVarsInLog = 0;
		};
/* End PBXShellScriptBuildPhase section */

/* Begin PBXSourcesBuildPhase section */
		2841F1DB1CCFF55600D609CE /* Sources */ = {
			isa = PBXSourcesBuildPhase;
			buildActionMask = 2147483647;
			files = (
				B23285201DAE5C4200859100 /* UIImageView.swift in Sources */,
				B232851A1DAE5B5300859100 /* String.swift in Sources */,
				2841F1EE1CCFF55600D609CE /* AppDelegate.swift in Sources */,
				B2947EBB1DB7B442009F5CE5 /* XLProjectNameViewController.swift in Sources */,
				B2947EB41DB7B3AF009F5CE5 /* DrawerMainViewController.swift in Sources */,
				B23285131DAE574000859100 /* Date.swift in Sources */,
				B2947EB81DB7B41D009F5CE5 /* XLProjectNameNavigationController.swift in Sources */,
				2841F1F11CCFF55600D609CE /* Constants.swift in Sources */,
				B28C9C611DA6ED2400B36F58 /* Error.swift in Sources */,
				B2947EB01DB7B1CB009F5CE5 /* RealmManager.swift in Sources */,
				B2866B8E1D9ED62900E93DED /* NetworkManager.swift in Sources */,
				B2866B951D9EE2BE00E93DED /* Routes.swift in Sources */,
				2841F1EE1CCFF55600D609CE /* AppDelegate.swift in Sources */,
				B2866B901D9ED62900E93DED /* RouteType.swift in Sources */,
				B2866B921D9ED62900E93DED /* SessionController.swift in Sources */,
				B2866B891D9ED55700E93DED /* R.generated.swift in Sources */,
			);
			runOnlyForDeploymentPostprocessing = 0;
		};
		2867E8231C74C7D400FCEBBD /* Sources */ = {
			isa = PBXSourcesBuildPhase;
			buildActionMask = 2147483647;
			files = (
				B28C9C601DA6ED2400B36F58 /* Error.swift in Sources */,
				B2866B8D1D9ED62900E93DED /* NetworkManager.swift in Sources */,
				B2866B941D9EE2BE00E93DED /* Routes.swift in Sources */,
				2867E82B1C74C7D400FCEBBD /* AppDelegate.swift in Sources */,
				B2947EBA1DB7B442009F5CE5 /* XLProjectNameViewController.swift in Sources */,
				B2947EB71DB7B41D009F5CE5 /* XLProjectNameNavigationController.swift in Sources */,
				B232851F1DAE5C4200859100 /* UIImageView.swift in Sources */,
				B2947EAF1DB7B1CB009F5CE5 /* RealmManager.swift in Sources */,
				B23285221DAE628B00859100 /* Device.swift in Sources */,
				B23285191DAE5B5300859100 /* String.swift in Sources */,
				B2866B8F1D9ED62900E93DED /* RouteType.swift in Sources */,
				B2947EB31DB7B3AF009F5CE5 /* DrawerMainViewController.swift in Sources */,
				B2866B911D9ED62900E93DED /* SessionController.swift in Sources */,
				B23285251DAEAE6900859100 /* Constants.swift in Sources */,
				B2866B881D9ED55700E93DED /* R.generated.swift in Sources */,
				B23285151DAE5A1200859100 /* AppDelegate+XLProjectName.swift in Sources */,
			);
			runOnlyForDeploymentPostprocessing = 0;
		};
		28C69D351CD8E3D600F839D6 /* Sources */ = {
			isa = PBXSourcesBuildPhase;
			buildActionMask = 2147483647;
			files = (
				28C69D3C1CD8E3D600F839D6 /* Tests.swift in Sources */,
			);
			runOnlyForDeploymentPostprocessing = 0;
		};
		28F4E1551CDA53B5002B70A7 /* Sources */ = {
			isa = PBXSourcesBuildPhase;
			buildActionMask = 2147483647;
			files = (
				28F4E15C1CDA53B5002B70A7 /* UITests.swift in Sources */,
			);
			runOnlyForDeploymentPostprocessing = 0;
		};
/* End PBXSourcesBuildPhase section */

/* Begin PBXTargetDependency section */
		28C69D3F1CD8E3D600F839D6 /* PBXTargetDependency */ = {
			isa = PBXTargetDependency;
			target = 2867E8261C74C7D400FCEBBD /* XLProjectName */;
			targetProxy = 28C69D3E1CD8E3D600F839D6 /* PBXContainerItemProxy */;
		};
		28F4E15F1CDA53B5002B70A7 /* PBXTargetDependency */ = {
			isa = PBXTargetDependency;
			target = 2867E8261C74C7D400FCEBBD /* XLProjectName */;
			targetProxy = 28F4E15E1CDA53B5002B70A7 /* PBXContainerItemProxy */;
		};
		8F07599D1D7743180012D681 /* PBXTargetDependency */ = {
			isa = PBXTargetDependency;
			target = 2841F1D91CCFF55600D609CE /* XLProjectName-Staging */;
			targetProxy = 8F07599C1D7743180012D681 /* PBXContainerItemProxy */;
		};
		8F07599F1D77431A0012D681 /* PBXTargetDependency */ = {
			isa = PBXTargetDependency;
			target = 2841F1D91CCFF55600D609CE /* XLProjectName-Staging */;
			targetProxy = 8F07599E1D77431A0012D681 /* PBXContainerItemProxy */;
		};
/* End PBXTargetDependency section */

/* Begin PBXVariantGroup section */
		2867E82E1C74C7D400FCEBBD /* Main.storyboard */ = {
			isa = PBXVariantGroup;
			children = (
				2867E82F1C74C7D400FCEBBD /* Base */,
			);
			name = Main.storyboard;
			path = ..;
			sourceTree = "<group>";
		};
		2867E8331C74C7D400FCEBBD /* LaunchScreen.storyboard */ = {
			isa = PBXVariantGroup;
			children = (
				2867E8341C74C7D400FCEBBD /* Base */,
			);
			name = LaunchScreen.storyboard;
			path = ..;
			sourceTree = "<group>";
		};
/* End PBXVariantGroup section */

/* Begin XCBuildConfiguration section */
		2841F2011CCFF55600D609CE /* Debug */ = {
			isa = XCBuildConfiguration;
			baseConfigurationReference = 046B1680671D3D24701E8B4E /* Pods-XLProjectName-Staging.debug.xcconfig */;
			buildSettings = {
				ASSETCATALOG_COMPILER_APPICON_NAME = AppIcon;
				DEBUG_INFORMATION_FORMAT = "dwarf-with-dsym";
				FRAMEWORK_SEARCH_PATHS = (
					"$(inherited)",
					"$(PROJECT_DIR)",
				);
				INFOPLIST_FILE = "$(SRCROOT)/XLProjectName/Supporting Files/Info-Staging.plist";
				IPHONEOS_DEPLOYMENT_TARGET = 9.0;
				LD_RUNPATH_SEARCH_PATHS = "$(inherited) @executable_path/Frameworks";
				OTHER_SWIFT_FLAGS = "$(inherited) \"-D\" \"COCOAPODS\" \"-D\" \"DEBUG\" \"-D\" \"STAGING\"";
				PRODUCT_BUNDLE_IDENTIFIER = XLOrganizationIdentifier.XLProjectName.Staging;
				PRODUCT_NAME = "$(TARGET_NAME)";
				SWIFT_VERSION = 3.0;
			};
			name = Debug;
		};
		2841F2021CCFF55600D609CE /* Release */ = {
			isa = XCBuildConfiguration;
			baseConfigurationReference = 9C9526B7C0B8808A67721699 /* Pods-XLProjectName-Staging.release.xcconfig */;
			buildSettings = {
				ASSETCATALOG_COMPILER_APPICON_NAME = AppIcon;
				DEBUG_INFORMATION_FORMAT = "dwarf-with-dsym";
				FRAMEWORK_SEARCH_PATHS = (
					"$(inherited)",
					"$(PROJECT_DIR)",
				);
				GCC_TREAT_WARNINGS_AS_ERRORS = YES;
				INFOPLIST_FILE = "$(SRCROOT)/XLProjectName/Supporting Files/Info-Staging.plist";
				IPHONEOS_DEPLOYMENT_TARGET = 9.0;
				LD_RUNPATH_SEARCH_PATHS = "$(inherited) @executable_path/Frameworks";
				OTHER_SWIFT_FLAGS = "$(inherited) \"-D\" \"COCOAPODS\" \"-D\" \"STAGING\"";
				PRODUCT_BUNDLE_IDENTIFIER = XLOrganizationIdentifier.XLProjectName.Staging;
				PRODUCT_NAME = "$(TARGET_NAME)";
				SWIFT_VERSION = 3.0;
			};
			name = Release;
		};
		2867E84D1C74C7D400FCEBBD /* Debug */ = {
			isa = XCBuildConfiguration;
			buildSettings = {
				ALWAYS_SEARCH_USER_PATHS = NO;
				CLANG_CXX_LANGUAGE_STANDARD = "gnu++0x";
				CLANG_CXX_LIBRARY = "libc++";
				CLANG_ENABLE_MODULES = YES;
				CLANG_ENABLE_OBJC_ARC = YES;
				CLANG_WARN_BOOL_CONVERSION = YES;
				CLANG_WARN_CONSTANT_CONVERSION = YES;
				CLANG_WARN_DIRECT_OBJC_ISA_USAGE = YES_ERROR;
				CLANG_WARN_EMPTY_BODY = YES;
				CLANG_WARN_ENUM_CONVERSION = YES;
				CLANG_WARN_INFINITE_RECURSION = YES;
				CLANG_WARN_INT_CONVERSION = YES;
				CLANG_WARN_OBJC_ROOT_CLASS = YES_ERROR;
				CLANG_WARN_SUSPICIOUS_MOVE = YES;
				CLANG_WARN_UNREACHABLE_CODE = YES;
				CLANG_WARN__DUPLICATE_METHOD_MATCH = YES;
				"CODE_SIGN_IDENTITY[sdk=iphoneos*]" = "iPhone Developer";
				COPY_PHASE_STRIP = NO;
				DEBUG_INFORMATION_FORMAT = dwarf;
				ENABLE_STRICT_OBJC_MSGSEND = YES;
				ENABLE_TESTABILITY = YES;
				GCC_C_LANGUAGE_STANDARD = gnu99;
				GCC_DYNAMIC_NO_PIC = NO;
				GCC_NO_COMMON_BLOCKS = YES;
				GCC_OPTIMIZATION_LEVEL = 0;
				GCC_PREPROCESSOR_DEFINITIONS = (
					"DEBUG=1",
					"$(inherited)",
				);
				GCC_WARN_64_TO_32_BIT_CONVERSION = YES;
				GCC_WARN_ABOUT_RETURN_TYPE = YES_ERROR;
				GCC_WARN_UNDECLARED_SELECTOR = YES;
				GCC_WARN_UNINITIALIZED_AUTOS = YES_AGGRESSIVE;
				GCC_WARN_UNUSED_FUNCTION = YES;
				GCC_WARN_UNUSED_VARIABLE = YES;
				IPHONEOS_DEPLOYMENT_TARGET = 9.2;
				MTL_ENABLE_DEBUG_INFO = YES;
				ONLY_ACTIVE_ARCH = YES;
				SDKROOT = iphoneos;
				SWIFT_OPTIMIZATION_LEVEL = "-Onone";
				SWIFT_VERSION = 3.0;
			};
			name = Debug;
		};
		2867E84E1C74C7D400FCEBBD /* Release */ = {
			isa = XCBuildConfiguration;
			buildSettings = {
				ALWAYS_SEARCH_USER_PATHS = NO;
				CLANG_CXX_LANGUAGE_STANDARD = "gnu++0x";
				CLANG_CXX_LIBRARY = "libc++";
				CLANG_ENABLE_MODULES = YES;
				CLANG_ENABLE_OBJC_ARC = YES;
				CLANG_WARN_BOOL_CONVERSION = YES;
				CLANG_WARN_CONSTANT_CONVERSION = YES;
				CLANG_WARN_DIRECT_OBJC_ISA_USAGE = YES_ERROR;
				CLANG_WARN_EMPTY_BODY = YES;
				CLANG_WARN_ENUM_CONVERSION = YES;
				CLANG_WARN_INFINITE_RECURSION = YES;
				CLANG_WARN_INT_CONVERSION = YES;
				CLANG_WARN_OBJC_ROOT_CLASS = YES_ERROR;
				CLANG_WARN_SUSPICIOUS_MOVE = YES;
				CLANG_WARN_UNREACHABLE_CODE = YES;
				CLANG_WARN__DUPLICATE_METHOD_MATCH = YES;
				"CODE_SIGN_IDENTITY[sdk=iphoneos*]" = "iPhone Developer";
				COPY_PHASE_STRIP = NO;
				DEBUG_INFORMATION_FORMAT = "dwarf-with-dsym";
				ENABLE_NS_ASSERTIONS = NO;
				ENABLE_STRICT_OBJC_MSGSEND = YES;
				GCC_C_LANGUAGE_STANDARD = gnu99;
				GCC_NO_COMMON_BLOCKS = YES;
				GCC_WARN_64_TO_32_BIT_CONVERSION = YES;
				GCC_WARN_ABOUT_RETURN_TYPE = YES_ERROR;
				GCC_WARN_UNDECLARED_SELECTOR = YES;
				GCC_WARN_UNINITIALIZED_AUTOS = YES_AGGRESSIVE;
				GCC_WARN_UNUSED_FUNCTION = YES;
				GCC_WARN_UNUSED_VARIABLE = YES;
				IPHONEOS_DEPLOYMENT_TARGET = 9.2;
				MTL_ENABLE_DEBUG_INFO = NO;
				SDKROOT = iphoneos;
				SWIFT_OPTIMIZATION_LEVEL = "-Owholemodule";
				SWIFT_VERSION = 3.0;
				VALIDATE_PRODUCT = YES;
			};
			name = Release;
		};
		2867E8501C74C7D400FCEBBD /* Debug */ = {
			isa = XCBuildConfiguration;
			baseConfigurationReference = AC9E911CC8B746EFE8866092 /* Pods-XLProjectName.debug.xcconfig */;
			buildSettings = {
				ASSETCATALOG_COMPILER_APPICON_NAME = AppIcon;
				DEBUG_INFORMATION_FORMAT = "dwarf-with-dsym";
				FRAMEWORK_SEARCH_PATHS = (
					"$(inherited)",
					"$(PROJECT_DIR)",
				);
				INFOPLIST_FILE = "$(SRCROOT)/XLProjectName/Supporting Files/Info.plist";
				IPHONEOS_DEPLOYMENT_TARGET = 9.0;
				LD_RUNPATH_SEARCH_PATHS = "$(inherited) @executable_path/Frameworks";
				OTHER_SWIFT_FLAGS = "$(inherited) \"-D\" \"COCOAPODS\" \"-D\" \"DEBUG\"";
				PRODUCT_BUNDLE_IDENTIFIER = XLOrganizationIdentifier.XLProjectName;
				PRODUCT_NAME = "$(TARGET_NAME)";
				SWIFT_VERSION = 3.0;
			};
			name = Debug;
		};
		2867E8511C74C7D400FCEBBD /* Release */ = {
			isa = XCBuildConfiguration;
			baseConfigurationReference = 6AF246A8383CE6E2620C22C3 /* Pods-XLProjectName.release.xcconfig */;
			buildSettings = {
				ASSETCATALOG_COMPILER_APPICON_NAME = AppIcon;
				DEBUG_INFORMATION_FORMAT = "dwarf-with-dsym";
				FRAMEWORK_SEARCH_PATHS = (
					"$(inherited)",
					"$(PROJECT_DIR)",
				);
				GCC_TREAT_WARNINGS_AS_ERRORS = YES;
				INFOPLIST_FILE = "$(SRCROOT)/XLProjectName/Supporting Files/Info.plist";
				IPHONEOS_DEPLOYMENT_TARGET = 9.0;
				LD_RUNPATH_SEARCH_PATHS = "$(inherited) @executable_path/Frameworks";
				PRODUCT_BUNDLE_IDENTIFIER = XLOrganizationIdentifier.XLProjectName;
				PRODUCT_NAME = "$(TARGET_NAME)";
				SWIFT_VERSION = 3.0;
			};
			name = Release;
		};
		28C69D411CD8E3D600F839D6 /* Debug */ = {
			isa = XCBuildConfiguration;
			baseConfigurationReference = 20C3863EDAF6B64F5C07C53A /* Pods-Tests.debug.xcconfig */;
			buildSettings = {
				BUNDLE_LOADER = "$(TEST_HOST)";
				CLANG_ANALYZER_NONNULL = YES;
				INFOPLIST_FILE = Tests/Info.plist;
				IPHONEOS_DEPLOYMENT_TARGET = 9.3;
				LD_RUNPATH_SEARCH_PATHS = "$(inherited) @executable_path/Frameworks @loader_path/Frameworks";
				PRODUCT_BUNDLE_IDENTIFIER = com.XLOrganizationIdentifier.Tests;
				PRODUCT_NAME = "$(TARGET_NAME)";
				SWIFT_VERSION = 3.0;
				TEST_HOST = "$(BUILT_PRODUCTS_DIR)/XLProjectName-Staging.app/XLProjectName-Staging";
			};
			name = Debug;
		};
		28C69D421CD8E3D600F839D6 /* Release */ = {
			isa = XCBuildConfiguration;
			baseConfigurationReference = 6AF4BCE310ECE9EF72052552 /* Pods-Tests.release.xcconfig */;
			buildSettings = {
				BUNDLE_LOADER = "$(TEST_HOST)";
				CLANG_ANALYZER_NONNULL = YES;
				INFOPLIST_FILE = Tests/Info.plist;
				IPHONEOS_DEPLOYMENT_TARGET = 9.3;
				LD_RUNPATH_SEARCH_PATHS = "$(inherited) @executable_path/Frameworks @loader_path/Frameworks";
				PRODUCT_BUNDLE_IDENTIFIER = com.XLOrganizationIdentifier.Tests;
				PRODUCT_NAME = "$(TARGET_NAME)";
				SWIFT_VERSION = 3.0;
				TEST_HOST = "$(BUILT_PRODUCTS_DIR)/XLProjectName-Staging.app/XLProjectName-Staging";
			};
			name = Release;
		};
		28F4E1611CDA53B6002B70A7 /* Debug */ = {
			isa = XCBuildConfiguration;
			baseConfigurationReference = 9FDCBEAA30C082EB645948C0 /* Pods-UITests.debug.xcconfig */;
			buildSettings = {
				CLANG_ANALYZER_NONNULL = YES;
				INFOPLIST_FILE = UITests/Info.plist;
				IPHONEOS_DEPLOYMENT_TARGET = 9.3;
				LD_RUNPATH_SEARCH_PATHS = "$(inherited) @executable_path/Frameworks @loader_path/Frameworks";
				PRODUCT_BUNDLE_IDENTIFIER = com.XLOrganizationIdentifier.UITests;
				PRODUCT_NAME = "$(TARGET_NAME)";
				SWIFT_VERSION = 3.0;
				TEST_TARGET_NAME = "XLProjectName-Staging";
			};
			name = Debug;
		};
		28F4E1621CDA53B6002B70A7 /* Release */ = {
			isa = XCBuildConfiguration;
			baseConfigurationReference = 0A1759BFE439013D1F0FBED3 /* Pods-UITests.release.xcconfig */;
			buildSettings = {
				CLANG_ANALYZER_NONNULL = YES;
				INFOPLIST_FILE = UITests/Info.plist;
				IPHONEOS_DEPLOYMENT_TARGET = 9.3;
				LD_RUNPATH_SEARCH_PATHS = "$(inherited) @executable_path/Frameworks @loader_path/Frameworks";
				PRODUCT_BUNDLE_IDENTIFIER = com.XLOrganizationIdentifier.UITests;
				PRODUCT_NAME = "$(TARGET_NAME)";
				SWIFT_VERSION = 3.0;
				TEST_TARGET_NAME = "XLProjectName-Staging";
			};
			name = Release;
		};
/* End XCBuildConfiguration section */

/* Begin XCConfigurationList section */
		2841F2001CCFF55600D609CE /* Build configuration list for PBXNativeTarget "XLProjectName-Staging" */ = {
			isa = XCConfigurationList;
			buildConfigurations = (
				2841F2011CCFF55600D609CE /* Debug */,
				2841F2021CCFF55600D609CE /* Release */,
			);
			defaultConfigurationIsVisible = 0;
			defaultConfigurationName = Release;
		};
		2867E8221C74C7D400FCEBBD /* Build configuration list for PBXProject "XLProjectName" */ = {
			isa = XCConfigurationList;
			buildConfigurations = (
				2867E84D1C74C7D400FCEBBD /* Debug */,
				2867E84E1C74C7D400FCEBBD /* Release */,
			);
			defaultConfigurationIsVisible = 0;
			defaultConfigurationName = Release;
		};
		2867E84F1C74C7D400FCEBBD /* Build configuration list for PBXNativeTarget "XLProjectName" */ = {
			isa = XCConfigurationList;
			buildConfigurations = (
				2867E8501C74C7D400FCEBBD /* Debug */,
				2867E8511C74C7D400FCEBBD /* Release */,
			);
			defaultConfigurationIsVisible = 0;
			defaultConfigurationName = Release;
		};
		28C69D401CD8E3D600F839D6 /* Build configuration list for PBXNativeTarget "Tests" */ = {
			isa = XCConfigurationList;
			buildConfigurations = (
				28C69D411CD8E3D600F839D6 /* Debug */,
				28C69D421CD8E3D600F839D6 /* Release */,
			);
			defaultConfigurationIsVisible = 0;
			defaultConfigurationName = Release;
		};
		28F4E1601CDA53B6002B70A7 /* Build configuration list for PBXNativeTarget "UITests" */ = {
			isa = XCConfigurationList;
			buildConfigurations = (
				28F4E1611CDA53B6002B70A7 /* Debug */,
				28F4E1621CDA53B6002B70A7 /* Release */,
			);
			defaultConfigurationIsVisible = 0;
			defaultConfigurationName = Release;
		};
/* End XCConfigurationList section */
	};
	rootObject = 2867E81F1C74C7D400FCEBBD /* Project object */;
}
